// !$*UTF8*$!
{
	archiveVersion = 1;
	classes = {
	};
	objectVersion = 46;
	objects = {

/* Begin PBXBuildFile section */
		C23CF5E4194709DB00983925 /* Foundation.framework in Frameworks */ = {isa = PBXBuildFile; fileRef = C23CF5E3194709DB00983925 /* Foundation.framework */; };
		C23CF5E6194709DB00983925 /* CoreGraphics.framework in Frameworks */ = {isa = PBXBuildFile; fileRef = C23CF5E5194709DB00983925 /* CoreGraphics.framework */; };
		C23CF5E8194709DB00983925 /* UIKit.framework in Frameworks */ = {isa = PBXBuildFile; fileRef = C23CF5E7194709DB00983925 /* UIKit.framework */; };
		C23CF5EE194709DB00983925 /* InfoPlist.strings in Resources */ = {isa = PBXBuildFile; fileRef = C23CF5EC194709DB00983925 /* InfoPlist.strings */; };
		C23CF5F0194709DB00983925 /* main.m in Sources */ = {isa = PBXBuildFile; fileRef = C23CF5EF194709DB00983925 /* main.m */; };
		C23CF5F4194709DB00983925 /* YYAppDelegate.m in Sources */ = {isa = PBXBuildFile; fileRef = C23CF5F3194709DB00983925 /* YYAppDelegate.m */; };
		C23CF5F6194709DB00983925 /* Images.xcassets in Resources */ = {isa = PBXBuildFile; fileRef = C23CF5F5194709DB00983925 /* Images.xcassets */; };
		C23CF5FD194709DB00983925 /* XCTest.framework in Frameworks */ = {isa = PBXBuildFile; fileRef = C23CF5FC194709DB00983925 /* XCTest.framework */; };
		C23CF5FE194709DB00983925 /* Foundation.framework in Frameworks */ = {isa = PBXBuildFile; fileRef = C23CF5E3194709DB00983925 /* Foundation.framework */; };
		C23CF5FF194709DB00983925 /* UIKit.framework in Frameworks */ = {isa = PBXBuildFile; fileRef = C23CF5E7194709DB00983925 /* UIKit.framework */; };
		C23CF607194709DB00983925 /* InfoPlist.strings in Resources */ = {isa = PBXBuildFile; fileRef = C23CF605194709DB00983925 /* InfoPlist.strings */; };
		C23CF609194709DB00983925 /* BenDanLiZeTests.m in Sources */ = {isa = PBXBuildFile; fileRef = C23CF608194709DB00983925 /* BenDanLiZeTests.m */; };
/* End PBXBuildFile section */

/* Begin PBXContainerItemProxy section */
		C23CF600194709DB00983925 /* PBXContainerItemProxy */ = {
			isa = PBXContainerItemProxy;
			containerPortal = C23CF5D8194709DB00983925 /* Project object */;
			proxyType = 1;
			remoteGlobalIDString = C23CF5DF194709DB00983925;
			remoteInfo = BenDanLiZe;
		};
/* End PBXContainerItemProxy section */

/* Begin PBXFileReference section */
		C23CF5E0194709DB00983925 /* BenDanLiZe.app */ = {isa = PBXFileReference; explicitFileType = wrapper.application; includeInIndex = 0; path = BenDanLiZe.app; sourceTree = BUILT_PRODUCTS_DIR; };
		C23CF5E3194709DB00983925 /* Foundation.framework */ = {isa = PBXFileReference; lastKnownFileType = wrapper.framework; name = Foundation.framework; path = System/Library/Frameworks/Foundation.framework; sourceTree = SDKROOT; };
		C23CF5E5194709DB00983925 /* CoreGraphics.framework */ = {isa = PBXFileReference; lastKnownFileType = wrapper.framework; name = CoreGraphics.framework; path = System/Library/Frameworks/CoreGraphics.framework; sourceTree = SDKROOT; };
		C23CF5E7194709DB00983925 /* UIKit.framework */ = {isa = PBXFileReference; lastKnownFileType = wrapper.framework; name = UIKit.framework; path = System/Library/Frameworks/UIKit.framework; sourceTree = SDKROOT; };
		C23CF5EB194709DB00983925 /* BenDanLiZe-Info.plist */ = {isa = PBXFileReference; lastKnownFileType = text.plist.xml; path = "BenDanLiZe-Info.plist"; sourceTree = "<group>"; };
		C23CF5ED194709DB00983925 /* en */ = {isa = PBXFileReference; lastKnownFileType = text.plist.strings; name = en; path = en.lproj/InfoPlist.strings; sourceTree = "<group>"; };
		C23CF5EF194709DB00983925 /* main.m */ = {isa = PBXFileReference; lastKnownFileType = sourcecode.c.objc; path = main.m; sourceTree = "<group>"; };
		C23CF5F1194709DB00983925 /* BenDanLiZe-Prefix.pch */ = {isa = PBXFileReference; lastKnownFileType = sourcecode.c.h; path = "BenDanLiZe-Prefix.pch"; sourceTree = "<group>"; };
		C23CF5F2194709DB00983925 /* YYAppDelegate.h */ = {isa = PBXFileReference; lastKnownFileType = sourcecode.c.h; path = YYAppDelegate.h; sourceTree = "<group>"; };
		C23CF5F3194709DB00983925 /* YYAppDelegate.m */ = {isa = PBXFileReference; lastKnownFileType = sourcecode.c.objc; path = YYAppDelegate.m; sourceTree = "<group>"; };
		C23CF5F5194709DB00983925 /* Images.xcassets */ = {isa = PBXFileReference; lastKnownFileType = folder.assetcatalog; path = Images.xcassets; sourceTree = "<group>"; };
		C23CF5FB194709DB00983925 /* BenDanLiZeTests.xctest */ = {isa = PBXFileReference; explicitFileType = wrapper.cfbundle; includeInIndex = 0; path = BenDanLiZeTests.xctest; sourceTree = BUILT_PRODUCTS_DIR; };
		C23CF5FC194709DB00983925 /* XCTest.framework */ = {isa = PBXFileReference; lastKnownFileType = wrapper.framework; name = XCTest.framework; path = Library/Frameworks/XCTest.framework; sourceTree = DEVELOPER_DIR; };
		C23CF604194709DB00983925 /* BenDanLiZeTests-Info.plist */ = {isa = PBXFileReference; lastKnownFileType = text.plist.xml; path = "BenDanLiZeTests-Info.plist"; sourceTree = "<group>"; };
		C23CF606194709DB00983925 /* en */ = {isa = PBXFileReference; lastKnownFileType = text.plist.strings; name = en; path = en.lproj/InfoPlist.strings; sourceTree = "<group>"; };
		C23CF608194709DB00983925 /* BenDanLiZeTests.m */ = {isa = PBXFileReference; lastKnownFileType = sourcecode.c.objc; path = BenDanLiZeTests.m; sourceTree = "<group>"; };
/* End PBXFileReference section */

/* Begin PBXFrameworksBuildPhase section */
		C23CF5DD194709DB00983925 /* Frameworks */ = {
			isa = PBXFrameworksBuildPhase;
			buildActionMask = 2147483647;
			files = (
				C23CF5E6194709DB00983925 /* CoreGraphics.framework in Frameworks */,
				C23CF5E8194709DB00983925 /* UIKit.framework in Frameworks */,
				C23CF5E4194709DB00983925 /* Foundation.framework in Frameworks */,
			);
			runOnlyForDeploymentPostprocessing = 0;
		};
		C23CF5F8194709DB00983925 /* Frameworks */ = {
			isa = PBXFrameworksBuildPhase;
			buildActionMask = 2147483647;
			files = (
				C23CF5FD194709DB00983925 /* XCTest.framework in Frameworks */,
				C23CF5FF194709DB00983925 /* UIKit.framework in Frameworks */,
				C23CF5FE194709DB00983925 /* Foundation.framework in Frameworks */,
			);
			runOnlyForDeploymentPostprocessing = 0;
		};
/* End PBXFrameworksBuildPhase section */

/* Begin PBXGroup section */
		C23CF5D7194709DB00983925 = {
			isa = PBXGroup;
			children = (
				C23CF5E9194709DB00983925 /* BenDanLiZe */,
				C23CF602194709DB00983925 /* BenDanLiZeTests */,
				C23CF5E2194709DB00983925 /* Frameworks */,
				C23CF5E1194709DB00983925 /* Products */,
			);
			sourceTree = "<group>";
		};
		C23CF5E1194709DB00983925 /* Products */ = {
			isa = PBXGroup;
			children = (
				C23CF5E0194709DB00983925 /* BenDanLiZe.app */,
				C23CF5FB194709DB00983925 /* BenDanLiZeTests.xctest */,
			);
			name = Products;
			sourceTree = "<group>";
		};
		C23CF5E2194709DB00983925 /* Frameworks */ = {
			isa = PBXGroup;
			children = (
				C23CF5E3194709DB00983925 /* Foundation.framework */,
				C23CF5E5194709DB00983925 /* CoreGraphics.framework */,
				C23CF5E7194709DB00983925 /* UIKit.framework */,
				C23CF5FC194709DB00983925 /* XCTest.framework */,
			);
			name = Frameworks;
			sourceTree = "<group>";
		};
		C23CF5E9194709DB00983925 /* BenDanLiZe */ = {
			isa = PBXGroup;
			children = (
				C23CF5F2194709DB00983925 /* YYAppDelegate.h */,
				C23CF5F3194709DB00983925 /* YYAppDelegate.m */,
				C23CF5F5194709DB00983925 /* Images.xcassets */,
				C23CF5EA194709DB00983925 /* Supporting Files */,
			);
			path = BenDanLiZe;
			sourceTree = "<group>";
		};
		C23CF5EA194709DB00983925 /* Supporting Files */ = {
			isa = PBXGroup;
			children = (
				C23CF5EB194709DB00983925 /* BenDanLiZe-Info.plist */,
				C23CF5EC194709DB00983925 /* InfoPlist.strings */,
				C23CF5EF194709DB00983925 /* main.m */,
				C23CF5F1194709DB00983925 /* BenDanLiZe-Prefix.pch */,
			);
			name = "Supporting Files";
			sourceTree = "<group>";
		};
		C23CF602194709DB00983925 /* BenDanLiZeTests */ = {
			isa = PBXGroup;
			children = (
				C23CF608194709DB00983925 /* BenDanLiZeTests.m */,
				C23CF603194709DB00983925 /* Supporting Files */,
			);
			path = BenDanLiZeTests;
			sourceTree = "<group>";
		};
		C23CF603194709DB00983925 /* Supporting Files */ = {
			isa = PBXGroup;
			children = (
				C23CF604194709DB00983925 /* BenDanLiZeTests-Info.plist */,
				C23CF605194709DB00983925 /* InfoPlist.strings */,
			);
			name = "Supporting Files";
			sourceTree = "<group>";
		};
/* End PBXGroup section */

/* Begin PBXNativeTarget section */
		C23CF5DF194709DB00983925 /* BenDanLiZe */ = {
			isa = PBXNativeTarget;
			buildConfigurationList = C23CF60C194709DB00983925 /* Build configuration list for PBXNativeTarget "BenDanLiZe" */;
			buildPhases = (
				C23CF5DC194709DB00983925 /* Sources */,
				C23CF5DD194709DB00983925 /* Frameworks */,
				C23CF5DE194709DB00983925 /* Resources */,
			);
			buildRules = (
			);
			dependencies = (
			);
			name = BenDanLiZe;
			productName = BenDanLiZe;
			productReference = C23CF5E0194709DB00983925 /* BenDanLiZe.app */;
			productType = "com.apple.product-type.application";
		};
		C23CF5FA194709DB00983925 /* BenDanLiZeTests */ = {
			isa = PBXNativeTarget;
			buildConfigurationList = C23CF60F194709DB00983925 /* Build configuration list for PBXNativeTarget "BenDanLiZeTests" */;
			buildPhases = (
				C23CF5F7194709DB00983925 /* Sources */,
				C23CF5F8194709DB00983925 /* Frameworks */,
				C23CF5F9194709DB00983925 /* Resources */,
			);
			buildRules = (
			);
			dependencies = (
				C23CF601194709DB00983925 /* PBXTargetDependency */,
			);
			name = BenDanLiZeTests;
			productName = BenDanLiZeTests;
			productReference = C23CF5FB194709DB00983925 /* BenDanLiZeTests.xctest */;
			productType = "com.apple.product-type.bundle.unit-test";
		};
/* End PBXNativeTarget section */

/* Begin PBXProject section */
		C23CF5D8194709DB00983925 /* Project object */ = {
			isa = PBXProject;
			attributes = {
				CLASSPREFIX = YY;
				LastUpgradeCheck = 0510;
				ORGANIZATIONNAME = lanou3g;
				TargetAttributes = {
					C23CF5FA194709DB00983925 = {
						TestTargetID = C23CF5DF194709DB00983925;
					};
				};
			};
			buildConfigurationList = C23CF5DB194709DB00983925 /* Build configuration list for PBXProject "BenDanLiZe" */;
			compatibilityVersion = "Xcode 3.2";
			developmentRegion = English;
			hasScannedForEncodings = 0;
			knownRegions = (
				en,
			);
			mainGroup = C23CF5D7194709DB00983925;
			productRefGroup = C23CF5E1194709DB00983925 /* Products */;
			projectDirPath = "";
			projectRoot = "";
			targets = (
				C23CF5DF194709DB00983925 /* BenDanLiZe */,
				C23CF5FA194709DB00983925 /* BenDanLiZeTests */,
			);
		};
/* End PBXProject section */

/* Begin PBXResourcesBuildPhase section */
		C23CF5DE194709DB00983925 /* Resources */ = {
			isa = PBXResourcesBuildPhase;
			buildActionMask = 2147483647;
			files = (
				C23CF5EE194709DB00983925 /* InfoPlist.strings in Resources */,
				C23CF5F6194709DB00983925 /* Images.xcassets in Resources */,
			);
			runOnlyForDeploymentPostprocessing = 0;
		};
		C23CF5F9194709DB00983925 /* Resources */ = {
			isa = PBXResourcesBuildPhase;
			buildActionMask = 2147483647;
			files = (
				C23CF607194709DB00983925 /* InfoPlist.strings in Resources */,
			);
			runOnlyForDeploymentPostprocessing = 0;
		};
/* End PBXResourcesBuildPhase section */

/* Begin PBXSourcesBuildPhase section */
		C23CF5DC194709DB00983925 /* Sources */ = {
			isa = PBXSourcesBuildPhase;
			buildActionMask = 2147483647;
			files = (
				C23CF5F4194709DB00983925 /* YYAppDelegate.m in Sources */,
				C23CF5F0194709DB00983925 /* main.m in Sources */,
			);
			runOnlyForDeploymentPostprocessing = 0;
		};
		C23CF5F7194709DB00983925 /* Sources */ = {
			isa = PBXSourcesBuildPhase;
			buildActionMask = 2147483647;
			files = (
				C23CF609194709DB00983925 /* BenDanLiZeTests.m in Sources */,
			);
			runOnlyForDeploymentPostprocessing = 0;
		};
/* End PBXSourcesBuildPhase section */

/* Begin PBXTargetDependency section */
		C23CF601194709DB00983925 /* PBXTargetDependency */ = {
			isa = PBXTargetDependency;
			target = C23CF5DF194709DB00983925 /* BenDanLiZe */;
			targetProxy = C23CF600194709DB00983925 /* PBXContainerItemProxy */;
		};
/* End PBXTargetDependency section */

/* Begin PBXVariantGroup section */
		C23CF5EC194709DB00983925 /* InfoPlist.strings */ = {
			isa = PBXVariantGroup;
			children = (
				C23CF5ED194709DB00983925 /* en */,
			);
			name = InfoPlist.strings;
			sourceTree = "<group>";
		};
		C23CF605194709DB00983925 /* InfoPlist.strings */ = {
			isa = PBXVariantGroup;
			children = (
				C23CF606194709DB00983925 /* en */,
			);
			name = InfoPlist.strings;
			sourceTree = "<group>";
		};
/* End PBXVariantGroup section */

/* Begin XCBuildConfiguration section */
		C23CF60A194709DB00983925 /* Debug */ = {
			isa = XCBuildConfiguration;
			buildSettings = {
				ALWAYS_SEARCH_USER_PATHS = NO;
				CLANG_CXX_LANGUAGE_STANDARD = "gnu++0x";
				CLANG_CXX_LIBRARY = "libc++";
				CLANG_ENABLE_MODULES = YES;
				CLANG_ENABLE_OBJC_ARC = NO;
				CLANG_WARN_BOOL_CONVERSION = YES;
				CLANG_WARN_CONSTANT_CONVERSION = YES;
				CLANG_WARN_DIRECT_OBJC_ISA_USAGE = YES_ERROR;
				CLANG_WARN_EMPTY_BODY = YES;
				CLANG_WARN_ENUM_CONVERSION = YES;
				CLANG_WARN_INT_CONVERSION = YES;
				CLANG_WARN_OBJC_ROOT_CLASS = YES_ERROR;
				CLANG_WARN__DUPLICATE_METHOD_MATCH = YES;
				"CODE_SIGN_IDENTITY[sdk=iphoneos*]" = "iPhone Developer";
				COPY_PHASE_STRIP = NO;
				GCC_C_LANGUAGE_STANDARD = gnu99;
				GCC_DYNAMIC_NO_PIC = NO;
				GCC_OPTIMIZATION_LEVEL = 0;
				GCC_PREPROCESSOR_DEFINITIONS = (
					"DEBUG=1",
					"$(inherited)",
				);
				GCC_SYMBOLS_PRIVATE_EXTERN = NO;
				GCC_WARN_64_TO_32_BIT_CONVERSION = YES;
				GCC_WARN_ABOUT_RETURN_TYPE = YES_ERROR;
				GCC_WARN_UNDECLARED_SELECTOR = YES;
				GCC_WARN_UNINITIALIZED_AUTOS = YES_AGGRESSIVE;
				GCC_WARN_UNUSED_FUNCTION = YES;
				GCC_WARN_UNUSED_VARIABLE = YES;
				IPHONEOS_DEPLOYMENT_TARGET = 7.1;
				ONLY_ACTIVE_ARCH = YES;
				SDKROOT = iphoneos;
			};
			name = Debug;
		};
		C23CF60B194709DB00983925 /* Release */ = {
			isa = XCBuildConfiguration;
			buildSettings = {
				ALWAYS_SEARCH_USER_PATHS = NO;
				CLANG_CXX_LANGUAGE_STANDARD = "gnu++0x";
				CLANG_CXX_LIBRARY = "libc++";
				CLANG_ENABLE_MODULES = YES;
				CLANG_ENABLE_OBJC_ARC = NO;
				CLANG_WARN_BOOL_CONVERSION = YES;
				CLANG_WARN_CONSTANT_CONVERSION = YES;
				CLANG_WARN_DIRECT_OBJC_ISA_USAGE = YES_ERROR;
				CLANG_WARN_EMPTY_BODY = YES;
				CLANG_WARN_ENUM_CONVERSION = YES;
				CLANG_WARN_INT_CONVERSION = YES;
				CLANG_WARN_OBJC_ROOT_CLASS = YES_ERROR;
				CLANG_WARN__DUPLICATE_METHOD_MATCH = YES;
				"CODE_SIGN_IDENTITY[sdk=iphoneos*]" = "iPhone Developer";
				COPY_PHASE_STRIP = YES;
				ENABLE_NS_ASSERTIONS = NO;
				GCC_C_LANGUAGE_STANDARD = gnu99;
				GCC_WARN_64_TO_32_BIT_CONVERSION = YES;
				GCC_WARN_ABOUT_RETURN_TYPE = YES_ERROR;
				GCC_WARN_UNDECLARED_SELECTOR = YES;
				GCC_WARN_UNINITIALIZED_AUTOS = YES_AGGRESSIVE;
				GCC_WARN_UNUSED_FUNCTION = YES;
				GCC_WARN_UNUSED_VARIABLE = YES;
				IPHONEOS_DEPLOYMENT_TARGET = 7.1;
				SDKROOT = iphoneos;
				VALIDATE_PRODUCT = YES;
			};
			name = Release;
		};
		C23CF60D194709DB00983925 /* Debug */ = {
			isa = XCBuildConfiguration;
			buildSettings = {
				ASSETCATALOG_COMPILER_APPICON_NAME = AppIcon;
				ASSETCATALOG_COMPILER_LAUNCHIMAGE_NAME = LaunchImage;
				GCC_PRECOMPILE_PREFIX_HEADER = YES;
				GCC_PREFIX_HEADER = "BenDanLiZe/BenDanLiZe-Prefix.pch";
				INFOPLIST_FILE = "BenDanLiZe/BenDanLiZe-Info.plist";
				PRODUCT_NAME = "$(TARGET_NAME)";
				WRAPPER_EXTENSION = app;
			};
			name = Debug;
		};
		C23CF60E194709DB00983925 /* Release */ = {
			isa = XCBuildConfiguration;
			buildSettings = {
				ASSETCATALOG_COMPILER_APPICON_NAME = AppIcon;
				ASSETCATALOG_COMPILER_LAUNCHIMAGE_NAME = LaunchImage;
				GCC_PRECOMPILE_PREFIX_HEADER = YES;
				GCC_PREFIX_HEADER = "BenDanLiZe/BenDanLiZe-Prefix.pch";
				INFOPLIST_FILE = "BenDanLiZe/BenDanLiZe-Info.plist";
				PRODUCT_NAME = "$(TARGET_NAME)";
				WRAPPER_EXTENSION = app;
			};
			name = Release;
		};
		C23CF610194709DB00983925 /* Debug */ = {
			isa = XCBuildConfiguration;
			buildSettings = {
				BUNDLE_LOADER = "$(BUILT_PRODUCTS_DIR)/BenDanLiZe.app/BenDanLiZe";
				FRAMEWORK_SEARCH_PATHS = (
					"$(SDKROOT)/Developer/Library/Frameworks",
					"$(inherited)",
					"$(DEVELOPER_FRAMEWORKS_DIR)",
				);
				GCC_PRECOMPILE_PREFIX_HEADER = YES;
				GCC_PREFIX_HEADER = "BenDanLiZe/BenDanLiZe-Prefix.pch";
				GCC_PREPROCESSOR_DEFINITIONS = (
					"DEBUG=1",
					"$(inherited)",
				);
				INFOPLIST_FILE = "BenDanLiZeTests/BenDanLiZeTests-Info.plist";
				PRODUCT_NAME = "$(TARGET_NAME)";
				TEST_HOST = "$(BUNDLE_LOADER)";
				WRAPPER_EXTENSION = xctest;
			};
			name = Debug;
		};
		C23CF611194709DB00983925 /* Release */ = {
			isa = XCBuildConfiguration;
			buildSettings = {
				BUNDLE_LOADER = "$(BUILT_PRODUCTS_DIR)/BenDanLiZe.app/BenDanLiZe";
				FRAMEWORK_SEARCH_PATHS = (
					"$(SDKROOT)/Developer/Library/Frameworks",
					"$(inherited)",
					"$(DEVELOPER_FRAMEWORKS_DIR)",
				);
				GCC_PRECOMPILE_PREFIX_HEADER = YES;
				GCC_PREFIX_HEADER = "BenDanLiZe/BenDanLiZe-Prefix.pch";
				INFOPLIST_FILE = "BenDanLiZeTests/BenDanLiZeTests-Info.plist";
				PRODUCT_NAME = "$(TARGET_NAME)";
				TEST_HOST = "$(BUNDLE_LOADER)";
				WRAPPER_EXTENSION = xctest;
			};
			name = Release;
		};
/* End XCBuildConfiguration section */

/* Begin XCConfigurationList section */
		C23CF5DB194709DB00983925 /* Build configuration list for PBXProject "BenDanLiZe" */ = {
			isa = XCConfigurationList;
			buildConfigurations = (
				C23CF60A194709DB00983925 /* Debug */,
				C23CF60B194709DB00983925 /* Release */,
			);
			defaultConfigurationIsVisible = 0;
			defaultConfigurationName = Release;
		};
		C23CF60C194709DB00983925 /* Build configuration list for PBXNativeTarget "BenDanLiZe" */ = {
			isa = XCConfigurationList;
			buildConfigurations = (
				C23CF60D194709DB00983925 /* Debug */,
				C23CF60E194709DB00983925 /* Release */,
			);
			defaultConfigurationIsVisible = 0;
			defaultConfigurationName = Release;
		};
		C23CF60F194709DB00983925 /* Build configuration list for PBXNativeTarget "BenDanLiZeTests" */ = {
			isa = XCConfigurationList;
			buildConfigurations = (
				C23CF610194709DB00983925 /* Debug */,
				C23CF611194709DB00983925 /* Release */,
			);
			defaultConfigurationIsVisible = 0;
			defaultConfigurationName = Release;
		};
/* End XCConfigurationList section */
	};
	rootObject = C23CF5D8194709DB00983925 /* Project object */;
}
